// !$*UTF8*$!
{
	archiveVersion = 1;
	classes = {
	};
	objectVersion = 46;
	objects = {

/* Begin PBXBuildFile section */
		EF9887C2198035F100652C29 /* Foundation.framework in Frameworks */ = {isa = PBXBuildFile; fileRef = EF9887C1198035F100652C29 /* Foundation.framework */; };
		EF9887C4198035F100652C29 /* CoreGraphics.framework in Frameworks */ = {isa = PBXBuildFile; fileRef = EF9887C3198035F100652C29 /* CoreGraphics.framework */; };
		EF9887C6198035F100652C29 /* UIKit.framework in Frameworks */ = {isa = PBXBuildFile; fileRef = EF9887C5198035F100652C29 /* UIKit.framework */; };
		EF9887CC198035F100652C29 /* InfoPlist.strings in Resources */ = {isa = PBXBuildFile; fileRef = EF9887CA198035F100652C29 /* InfoPlist.strings */; };
		EF9887CE198035F100652C29 /* main.m in Sources */ = {isa = PBXBuildFile; fileRef = EF9887CD198035F100652C29 /* main.m */; };
		EF9887D2198035F100652C29 /* AppDelegate.m in Sources */ = {isa = PBXBuildFile; fileRef = EF9887D1198035F100652C29 /* AppDelegate.m */; };
		EF9887D5198035F100652C29 /* Main_iPhone.storyboard in Resources */ = {isa = PBXBuildFile; fileRef = EF9887D3198035F100652C29 /* Main_iPhone.storyboard */; };
		EF9887D8198035F100652C29 /* Main_iPad.storyboard in Resources */ = {isa = PBXBuildFile; fileRef = EF9887D6198035F100652C29 /* Main_iPad.storyboard */; };
		EF9887DB198035F100652C29 /* ViewController.m in Sources */ = {isa = PBXBuildFile; fileRef = EF9887DA198035F100652C29 /* ViewController.m */; };
		EF9887DD198035F100652C29 /* Images.xcassets in Resources */ = {isa = PBXBuildFile; fileRef = EF9887DC198035F100652C29 /* Images.xcassets */; };
		EF9887E4198035F100652C29 /* XCTest.framework in Frameworks */ = {isa = PBXBuildFile; fileRef = EF9887E3198035F100652C29 /* XCTest.framework */; };
		EF9887E5198035F100652C29 /* Foundation.framework in Frameworks */ = {isa = PBXBuildFile; fileRef = EF9887C1198035F100652C29 /* Foundation.framework */; };
		EF9887E6198035F100652C29 /* UIKit.framework in Frameworks */ = {isa = PBXBuildFile; fileRef = EF9887C5198035F100652C29 /* UIKit.framework */; };
		EF9887EE198035F100652C29 /* InfoPlist.strings in Resources */ = {isa = PBXBuildFile; fileRef = EF9887EC198035F100652C29 /* InfoPlist.strings */; };
		EF9887F0198035F100652C29 /* ProximadyTests.m in Sources */ = {isa = PBXBuildFile; fileRef = EF9887EF198035F100652C29 /* ProximadyTests.m */; };
/* End PBXBuildFile section */

/* Begin PBXContainerItemProxy section */
		EF9887E7198035F100652C29 /* PBXContainerItemProxy */ = {
			isa = PBXContainerItemProxy;
			containerPortal = EF9887B6198035F100652C29 /* Project object */;
			proxyType = 1;
			remoteGlobalIDString = EF9887BD198035F100652C29;
			remoteInfo = Proximady;
		};
/* End PBXContainerItemProxy section */

/* Begin PBXFileReference section */
		EF9887BE198035F100652C29 /* Proximady.app */ = {isa = PBXFileReference; explicitFileType = wrapper.application; includeInIndex = 0; path = Proximady.app; sourceTree = BUILT_PRODUCTS_DIR; };
		EF9887C1198035F100652C29 /* Foundation.framework */ = {isa = PBXFileReference; lastKnownFileType = wrapper.framework; name = Foundation.framework; path = System/Library/Frameworks/Foundation.framework; sourceTree = SDKROOT; };
		EF9887C3198035F100652C29 /* CoreGraphics.framework */ = {isa = PBXFileReference; lastKnownFileType = wrapper.framework; name = CoreGraphics.framework; path = System/Library/Frameworks/CoreGraphics.framework; sourceTree = SDKROOT; };
		EF9887C5198035F100652C29 /* UIKit.framework */ = {isa = PBXFileReference; lastKnownFileType = wrapper.framework; name = UIKit.framework; path = System/Library/Frameworks/UIKit.framework; sourceTree = SDKROOT; };
		EF9887C9198035F100652C29 /* Proximady-Info.plist */ = {isa = PBXFileReference; lastKnownFileType = text.plist.xml; path = "Proximady-Info.plist"; sourceTree = "<group>"; };
		EF9887CB198035F100652C29 /* en */ = {isa = PBXFileReference; lastKnownFileType = text.plist.strings; name = en; path = en.lproj/InfoPlist.strings; sourceTree = "<group>"; };
		EF9887CD198035F100652C29 /* main.m */ = {isa = PBXFileReference; lastKnownFileType = sourcecode.c.objc; path = main.m; sourceTree = "<group>"; };
		EF9887CF198035F100652C29 /* Proximady-Prefix.pch */ = {isa = PBXFileReference; lastKnownFileType = sourcecode.c.h; path = "Proximady-Prefix.pch"; sourceTree = "<group>"; };
		EF9887D0198035F100652C29 /* AppDelegate.h */ = {isa = PBXFileReference; lastKnownFileType = sourcecode.c.h; path = AppDelegate.h; sourceTree = "<group>"; };
		EF9887D1198035F100652C29 /* AppDelegate.m */ = {isa = PBXFileReference; lastKnownFileType = sourcecode.c.objc; path = AppDelegate.m; sourceTree = "<group>"; };
		EF9887D4198035F100652C29 /* Base */ = {isa = PBXFileReference; lastKnownFileType = file.storyboard; name = Base; path = Base.lproj/Main_iPhone.storyboard; sourceTree = "<group>"; };
		EF9887D7198035F100652C29 /* Base */ = {isa = PBXFileReference; lastKnownFileType = file.storyboard; name = Base; path = Base.lproj/Main_iPad.storyboard; sourceTree = "<group>"; };
		EF9887D9198035F100652C29 /* ViewController.h */ = {isa = PBXFileReference; lastKnownFileType = sourcecode.c.h; path = ViewController.h; sourceTree = "<group>"; };
		EF9887DA198035F100652C29 /* ViewController.m */ = {isa = PBXFileReference; lastKnownFileType = sourcecode.c.objc; path = ViewController.m; sourceTree = "<group>"; };
		EF9887DC198035F100652C29 /* Images.xcassets */ = {isa = PBXFileReference; lastKnownFileType = folder.assetcatalog; path = Images.xcassets; sourceTree = "<group>"; };
		EF9887E2198035F100652C29 /* ProximadyTests.xctest */ = {isa = PBXFileReference; explicitFileType = wrapper.cfbundle; includeInIndex = 0; path = ProximadyTests.xctest; sourceTree = BUILT_PRODUCTS_DIR; };
		EF9887E3198035F100652C29 /* XCTest.framework */ = {isa = PBXFileReference; lastKnownFileType = wrapper.framework; name = XCTest.framework; path = Library/Frameworks/XCTest.framework; sourceTree = DEVELOPER_DIR; };
		EF9887EB198035F100652C29 /* ProximadyTests-Info.plist */ = {isa = PBXFileReference; lastKnownFileType = text.plist.xml; path = "ProximadyTests-Info.plist"; sourceTree = "<group>"; };
		EF9887ED198035F100652C29 /* en */ = {isa = PBXFileReference; lastKnownFileType = text.plist.strings; name = en; path = en.lproj/InfoPlist.strings; sourceTree = "<group>"; };
		EF9887EF198035F100652C29 /* ProximadyTests.m */ = {isa = PBXFileReference; lastKnownFileType = sourcecode.c.objc; path = ProximadyTests.m; sourceTree = "<group>"; };
/* End PBXFileReference section */

/* Begin PBXFrameworksBuildPhase section */
		EF9887BB198035F100652C29 /* Frameworks */ = {
			isa = PBXFrameworksBuildPhase;
			buildActionMask = 2147483647;
			files = (
				EF9887C4198035F100652C29 /* CoreGraphics.framework in Frameworks */,
				EF9887C6198035F100652C29 /* UIKit.framework in Frameworks */,
				EF9887C2198035F100652C29 /* Foundation.framework in Frameworks */,
			);
			runOnlyForDeploymentPostprocessing = 0;
		};
		EF9887DF198035F100652C29 /* Frameworks */ = {
			isa = PBXFrameworksBuildPhase;
			buildActionMask = 2147483647;
			files = (
				EF9887E4198035F100652C29 /* XCTest.framework in Frameworks */,
				EF9887E6198035F100652C29 /* UIKit.framework in Frameworks */,
				EF9887E5198035F100652C29 /* Foundation.framework in Frameworks */,
			);
			runOnlyForDeploymentPostprocessing = 0;
		};
/* End PBXFrameworksBuildPhase section */

/* Begin PBXGroup section */
		EF9887B5198035F100652C29 = {
			isa = PBXGroup;
			children = (
				EF9887C7198035F100652C29 /* Proximady */,
				EF9887E9198035F100652C29 /* ProximadyTests */,
				EF9887C0198035F100652C29 /* Frameworks */,
				EF9887BF198035F100652C29 /* Products */,
			);
			sourceTree = "<group>";
		};
		EF9887BF198035F100652C29 /* Products */ = {
			isa = PBXGroup;
			children = (
				EF9887BE198035F100652C29 /* Proximady.app */,
				EF9887E2198035F100652C29 /* ProximadyTests.xctest */,
			);
			name = Products;
			sourceTree = "<group>";
		};
		EF9887C0198035F100652C29 /* Frameworks */ = {
			isa = PBXGroup;
			children = (
				EF9887C1198035F100652C29 /* Foundation.framework */,
				EF9887C3198035F100652C29 /* CoreGraphics.framework */,
				EF9887C5198035F100652C29 /* UIKit.framework */,
				EF9887E3198035F100652C29 /* XCTest.framework */,
			);
			name = Frameworks;
			sourceTree = "<group>";
		};
		EF9887C7198035F100652C29 /* Proximady */ = {
			isa = PBXGroup;
			children = (
				EF9887D0198035F100652C29 /* AppDelegate.h */,
				EF9887D1198035F100652C29 /* AppDelegate.m */,
				EF9887D3198035F100652C29 /* Main_iPhone.storyboard */,
				EF9887D6198035F100652C29 /* Main_iPad.storyboard */,
				EF9887D9198035F100652C29 /* ViewController.h */,
				EF9887DA198035F100652C29 /* ViewController.m */,
				EF9887DC198035F100652C29 /* Images.xcassets */,
				EF9887C8198035F100652C29 /* Supporting Files */,
			);
			path = Proximady;
			sourceTree = "<group>";
		};
		EF9887C8198035F100652C29 /* Supporting Files */ = {
			isa = PBXGroup;
			children = (
				EF9887C9198035F100652C29 /* Proximady-Info.plist */,
				EF9887CA198035F100652C29 /* InfoPlist.strings */,
				EF9887CD198035F100652C29 /* main.m */,
				EF9887CF198035F100652C29 /* Proximady-Prefix.pch */,
			);
			name = "Supporting Files";
			sourceTree = "<group>";
		};
		EF9887E9198035F100652C29 /* ProximadyTests */ = {
			isa = PBXGroup;
			children = (
				EF9887EF198035F100652C29 /* ProximadyTests.m */,
				EF9887EA198035F100652C29 /* Supporting Files */,
			);
			path = ProximadyTests;
			sourceTree = "<group>";
		};
		EF9887EA198035F100652C29 /* Supporting Files */ = {
			isa = PBXGroup;
			children = (
				EF9887EB198035F100652C29 /* ProximadyTests-Info.plist */,
				EF9887EC198035F100652C29 /* InfoPlist.strings */,
			);
			name = "Supporting Files";
			sourceTree = "<group>";
		};
/* End PBXGroup section */

/* Begin PBXNativeTarget section */
		EF9887BD198035F100652C29 /* Proximady */ = {
			isa = PBXNativeTarget;
			buildConfigurationList = EF9887F3198035F100652C29 /* Build configuration list for PBXNativeTarget "Proximady" */;
			buildPhases = (
				EF9887BA198035F100652C29 /* Sources */,
				EF9887BB198035F100652C29 /* Frameworks */,
				EF9887BC198035F100652C29 /* Resources */,
			);
			buildRules = (
			);
			dependencies = (
			);
			name = Proximady;
			productName = Proximady;
			productReference = EF9887BE198035F100652C29 /* Proximady.app */;
			productType = "com.apple.product-type.application";
		};
		EF9887E1198035F100652C29 /* ProximadyTests */ = {
			isa = PBXNativeTarget;
			buildConfigurationList = EF9887F6198035F100652C29 /* Build configuration list for PBXNativeTarget "ProximadyTests" */;
			buildPhases = (
				EF9887DE198035F100652C29 /* Sources */,
				EF9887DF198035F100652C29 /* Frameworks */,
				EF9887E0198035F100652C29 /* Resources */,
			);
			buildRules = (
			);
			dependencies = (
				EF9887E8198035F100652C29 /* PBXTargetDependency */,
			);
			name = ProximadyTests;
			productName = ProximadyTests;
			productReference = EF9887E2198035F100652C29 /* ProximadyTests.xctest */;
			productType = "com.apple.product-type.bundle.unit-test";
		};
/* End PBXNativeTarget section */

/* Begin PBXProject section */
		EF9887B6198035F100652C29 /* Project object */ = {
			isa = PBXProject;
			attributes = {
				LastUpgradeCheck = 0510;
				ORGANIZATIONNAME = "___XOZB___";
				TargetAttributes = {
					EF9887E1198035F100652C29 = {
						TestTargetID = EF9887BD198035F100652C29;
					};
				};
			};
			buildConfigurationList = EF9887B9198035F100652C29 /* Build configuration list for PBXProject "Proximady" */;
			compatibilityVersion = "Xcode 3.2";
			developmentRegion = English;
			hasScannedForEncodings = 0;
			knownRegions = (
				en,
				Base,
			);
			mainGroup = EF9887B5198035F100652C29;
			productRefGroup = EF9887BF198035F100652C29 /* Products */;
			projectDirPath = "";
			projectRoot = "";
			targets = (
				EF9887BD198035F100652C29 /* Proximady */,
				EF9887E1198035F100652C29 /* ProximadyTests */,
			);
		};
/* End PBXProject section */

/* Begin PBXResourcesBuildPhase section */
		EF9887BC198035F100652C29 /* Resources */ = {
			isa = PBXResourcesBuildPhase;
			buildActionMask = 2147483647;
			files = (
				EF9887D8198035F100652C29 /* Main_iPad.storyboard in Resources */,
				EF9887DD198035F100652C29 /* Images.xcassets in Resources */,
				EF9887D5198035F100652C29 /* Main_iPhone.storyboard in Resources */,
				EF9887CC198035F100652C29 /* InfoPlist.strings in Resources */,
			);
			runOnlyForDeploymentPostprocessing = 0;
		};
		EF9887E0198035F100652C29 /* Resources */ = {
			isa = PBXResourcesBuildPhase;
			buildActionMask = 2147483647;
			files = (
				EF9887EE198035F100652C29 /* InfoPlist.strings in Resources */,
			);
			runOnlyForDeploymentPostprocessing = 0;
		};
/* End PBXResourcesBuildPhase section */

/* Begin PBXSourcesBuildPhase section */
		EF9887BA198035F100652C29 /* Sources */ = {
			isa = PBXSourcesBuildPhase;
			buildActionMask = 2147483647;
			files = (
				EF9887DB198035F100652C29 /* ViewController.m in Sources */,
				EF9887D2198035F100652C29 /* AppDelegate.m in Sources */,
				EF9887CE198035F100652C29 /* main.m in Sources */,
			);
			runOnlyForDeploymentPostprocessing = 0;
		};
		EF9887DE198035F100652C29 /* Sources */ = {
			isa = PBXSourcesBuildPhase;
			buildActionMask = 2147483647;
			files = (
				EF9887F0198035F100652C29 /* ProximadyTests.m in Sources */,
			);
			runOnlyForDeploymentPostprocessing = 0;
		};
/* End PBXSourcesBuildPhase section */

/* Begin PBXTargetDependency section */
		EF9887E8198035F100652C29 /* PBXTargetDependency */ = {
			isa = PBXTargetDependency;
			target = EF9887BD198035F100652C29 /* Proximady */;
			targetProxy = EF9887E7198035F100652C29 /* PBXContainerItemProxy */;
		};
/* End PBXTargetDependency section */

/* Begin PBXVariantGroup section */
		EF9887CA198035F100652C29 /* InfoPlist.strings */ = {
			isa = PBXVariantGroup;
			children = (
				EF9887CB198035F100652C29 /* en */,
			);
			name = InfoPlist.strings;
			sourceTree = "<group>";
		};
		EF9887D3198035F100652C29 /* Main_iPhone.storyboard */ = {
			isa = PBXVariantGroup;
			children = (
				EF9887D4198035F100652C29 /* Base */,
			);
			name = Main_iPhone.storyboard;
			sourceTree = "<group>";
		};
		EF9887D6198035F100652C29 /* Main_iPad.storyboard */ = {
			isa = PBXVariantGroup;
			children = (
				EF9887D7198035F100652C29 /* Base */,
			);
			name = Main_iPad.storyboard;
			sourceTree = "<group>";
		};
		EF9887EC198035F100652C29 /* InfoPlist.strings */ = {
			isa = PBXVariantGroup;
			children = (
				EF9887ED198035F100652C29 /* en */,
			);
			name = InfoPlist.strings;
			sourceTree = "<group>";
		};
/* End PBXVariantGroup section */

/* Begin XCBuildConfiguration section */
		EF9887F1198035F100652C29 /* Debug */ = {
			isa = XCBuildConfiguration;
			buildSettings = {
				ALWAYS_SEARCH_USER_PATHS = NO;
				CLANG_CXX_LANGUAGE_STANDARD = "gnu++0x";
				CLANG_CXX_LIBRARY = "libc++";
				CLANG_ENABLE_MODULES = YES;
				CLANG_ENABLE_OBJC_ARC = YES;
				CLANG_WARN_BOOL_CONVERSION = YES;
				CLANG_WARN_CONSTANT_CONVERSION = YES;
				CLANG_WARN_DIRECT_OBJC_ISA_USAGE = YES_ERROR;
				CLANG_WARN_EMPTY_BODY = YES;
				CLANG_WARN_ENUM_CONVERSION = YES;
				CLANG_WARN_INT_CONVERSION = YES;
				CLANG_WARN_OBJC_ROOT_CLASS = YES_ERROR;
				CLANG_WARN__DUPLICATE_METHOD_MATCH = YES;
				"CODE_SIGN_IDENTITY[sdk=iphoneos*]" = "iPhone Developer";
				COPY_PHASE_STRIP = NO;
				GCC_C_LANGUAGE_STANDARD = gnu99;
				GCC_DYNAMIC_NO_PIC = NO;
				GCC_OPTIMIZATION_LEVEL = 0;
				GCC_PREPROCESSOR_DEFINITIONS = (
					"DEBUG=1",
					"$(inherited)",
				);
				GCC_SYMBOLS_PRIVATE_EXTERN = NO;
				GCC_WARN_64_TO_32_BIT_CONVERSION = YES;
				GCC_WARN_ABOUT_RETURN_TYPE = YES_ERROR;
				GCC_WARN_UNDECLARED_SELECTOR = YES;
				GCC_WARN_UNINITIALIZED_AUTOS = YES_AGGRESSIVE;
				GCC_WARN_UNUSED_FUNCTION = YES;
				GCC_WARN_UNUSED_VARIABLE = YES;
				IPHONEOS_DEPLOYMENT_TARGET = 7.1;
				ONLY_ACTIVE_ARCH = YES;
				SDKROOT = iphoneos;
				TARGETED_DEVICE_FAMILY = "1,2";
			};
			name = Debug;
		};
		EF9887F2198035F100652C29 /* Release */ = {
			isa = XCBuildConfiguration;
			buildSettings = {
				ALWAYS_SEARCH_USER_PATHS = NO;
				CLANG_CXX_LANGUAGE_STANDARD = "gnu++0x";
				CLANG_CXX_LIBRARY = "libc++";
				CLANG_ENABLE_MODULES = YES;
				CLANG_ENABLE_OBJC_ARC = YES;
				CLANG_WARN_BOOL_CONVERSION = YES;
				CLANG_WARN_CONSTANT_CONVERSION = YES;
				CLANG_WARN_DIRECT_OBJC_ISA_USAGE = YES_ERROR;
				CLANG_WARN_EMPTY_BODY = YES;
				CLANG_WARN_ENUM_CONVERSION = YES;
				CLANG_WARN_INT_CONVERSION = YES;
				CLANG_WARN_OBJC_ROOT_CLASS = YES_ERROR;
				CLANG_WARN__DUPLICATE_METHOD_MATCH = YES;
				"CODE_SIGN_IDENTITY[sdk=iphoneos*]" = "iPhone Developer";
				COPY_PHASE_STRIP = YES;
				ENABLE_NS_ASSERTIONS = NO;
				GCC_C_LANGUAGE_STANDARD = gnu99;
				GCC_WARN_64_TO_32_BIT_CONVERSION = YES;
				GCC_WARN_ABOUT_RETURN_TYPE = YES_ERROR;
				GCC_WARN_UNDECLARED_SELECTOR = YES;
				GCC_WARN_UNINITIALIZED_AUTOS = YES_AGGRESSIVE;
				GCC_WARN_UNUSED_FUNCTION = YES;
				GCC_WARN_UNUSED_VARIABLE = YES;
				IPHONEOS_DEPLOYMENT_TARGET = 7.1;
				SDKROOT = iphoneos;
				TARGETED_DEVICE_FAMILY = "1,2";
				VALIDATE_PRODUCT = YES;
			};
			name = Release;
		};
		EF9887F4198035F100652C29 /* Debug */ = {
			isa = XCBuildConfiguration;
			buildSettings = {
				ASSETCATALOG_COMPILER_APPICON_NAME = AppIcon;
				ASSETCATALOG_COMPILER_LAUNCHIMAGE_NAME = LaunchImage;
				GCC_PRECOMPILE_PREFIX_HEADER = YES;
				GCC_PREFIX_HEADER = "Proximady/Proximady-Prefix.pch";
				INFOPLIST_FILE = "Proximady/Proximady-Info.plist";
				PRODUCT_NAME = "$(TARGET_NAME)";
				WRAPPER_EXTENSION = app;
			};
			name = Debug;
		};
		EF9887F5198035F100652C29 /* Release */ = {
			isa = XCBuildConfiguration;
			buildSettings = {
				ASSETCATALOG_COMPILER_APPICON_NAME = AppIcon;
				ASSETCATALOG_COMPILER_LAUNCHIMAGE_NAME = LaunchImage;
				GCC_PRECOMPILE_PREFIX_HEADER = YES;
				GCC_PREFIX_HEADER = "Proximady/Proximady-Prefix.pch";
				INFOPLIST_FILE = "Proximady/Proximady-Info.plist";
				PRODUCT_NAME = "$(TARGET_NAME)";
				WRAPPER_EXTENSION = app;
			};
			name = Release;
		};
		EF9887F7198035F100652C29 /* Debug */ = {
			isa = XCBuildConfiguration;
			buildSettings = {
				BUNDLE_LOADER = "$(BUILT_PRODUCTS_DIR)/Proximady.app/Proximady";
				FRAMEWORK_SEARCH_PATHS = (
					"$(SDKROOT)/Developer/Library/Frameworks",
					"$(inherited)",
					"$(DEVELOPER_FRAMEWORKS_DIR)",
				);
				GCC_PRECOMPILE_PREFIX_HEADER = YES;
				GCC_PREFIX_HEADER = "Proximady/Proximady-Prefix.pch";
				GCC_PREPROCESSOR_DEFINITIONS = (
					"DEBUG=1",
					"$(inherited)",
				);
				INFOPLIST_FILE = "ProximadyTests/ProximadyTests-Info.plist";
				PRODUCT_NAME = "$(TARGET_NAME)";
				TEST_HOST = "$(BUNDLE_LOADER)";
				WRAPPER_EXTENSION = xctest;
			};
			name = Debug;
		};
		EF9887F8198035F100652C29 /* Release */ = {
			isa = XCBuildConfiguration;
			buildSettings = {
				BUNDLE_LOADER = "$(BUILT_PRODUCTS_DIR)/Proximady.app/Proximady";
				FRAMEWORK_SEARCH_PATHS = (
					"$(SDKROOT)/Developer/Library/Frameworks",
					"$(inherited)",
					"$(DEVELOPER_FRAMEWORKS_DIR)",
				);
				GCC_PRECOMPILE_PREFIX_HEADER = YES;
				GCC_PREFIX_HEADER = "Proximady/Proximady-Prefix.pch";
				INFOPLIST_FILE = "ProximadyTests/ProximadyTests-Info.plist";
				PRODUCT_NAME = "$(TARGET_NAME)";
				TEST_HOST = "$(BUNDLE_LOADER)";
				WRAPPER_EXTENSION = xctest;
			};
			name = Release;
		};
/* End XCBuildConfiguration section */

/* Begin XCConfigurationList section */
		EF9887B9198035F100652C29 /* Build configuration list for PBXProject "Proximady" */ = {
			isa = XCConfigurationList;
			buildConfigurations = (
				EF9887F1198035F100652C29 /* Debug */,
				EF9887F2198035F100652C29 /* Release */,
			);
			defaultConfigurationIsVisible = 0;
			defaultConfigurationName = Release;
		};
		EF9887F3198035F100652C29 /* Build configuration list for PBXNativeTarget "Proximady" */ = {
			isa = XCConfigurationList;
			buildConfigurations = (
				EF9887F4198035F100652C29 /* Debug */,
				EF9887F5198035F100652C29 /* Release */,
			);
			defaultConfigurationIsVisible = 0;
		};
		EF9887F6198035F100652C29 /* Build configuration list for PBXNativeTarget "ProximadyTests" */ = {
			isa = XCConfigurationList;
			buildConfigurations = (
				EF9887F7198035F100652C29 /* Debug */,
				EF9887F8198035F100652C29 /* Release */,
			);
			defaultConfigurationIsVisible = 0;
		};
/* End XCConfigurationList section */
	};
	rootObject = EF9887B6198035F100652C29 /* Project object */;
}
